
Microsoft Visual Studio Solution File, Format Version 12.00
# Visual Studio Version 17
VisualStudioVersion = 17.4.33205.214
MinimumVisualStudioVersion = 10.0.40219.1
Project("{FAE04EC0-301F-11D3-BF4B-00C04F79EFBC}") = "NZWalks.API", "NZWalks.API\NZWalks.API.csproj", "{7C3B4E11-26F2-4948-9E01-D2EB6FA9E0DD}"
EndProject
Global
	GlobalSection(SolutionConfigurationPlatforms) = preSolution
		Debug|Any CPU = Debug|Any CPU
		Release|Any CPU = Release|Any CPU
	EndGlobalSection
	GlobalSection(ProjectConfigurationPlatforms) = postSolution
		{7C3B4E11-26F2-4948-9E01-D2EB6FA9E0DD}.Debug|Any CPU.ActiveCfg = Debug|Any CPU
		{7C3B4E11-26F2-4948-9E01-D2EB6FA9E0DD}.Debug|Any CPU.Build.0 = Debug|Any CPU
		{7C3B4E11-26F2-4948-9E01-D2EB6FA9E0DD}.Release|Any CPU.ActiveCfg = Release|Any CPU
		{7C3B4E11-26F2-4948-9E01-D2EB6FA9E0DD}.Release|Any CPU.Build.0 = Release|Any CPU
	EndGlobalSection
	GlobalSection(SolutionProperties) = preSolution
		HideSolutionNode = FALSE
	EndGlobalSection
	GlobalSection(ExtensibilityGlobals) = postSolution
		SolutionGuid = {0EEA9030-0DDA-4366-9DBE-88FA20D44333}
	EndGlobalSection
EndGlobal
